
Microsoft Visual Studio Solution File, Format Version 12.00
# Visual Studio Version 17
VisualStudioVersion = 17.0.31903.59
MinimumVisualStudioVersion = 10.0.40219.1
Project("{2150E333-8FDC-42A3-9474-1A3956D46DE8}") = "01-easy", "01-easy", "{CBC42E58-AB85-4480-AC63-DC918300B771}"
EndProject
Project("{2150E333-8FDC-42A3-9474-1A3956D46DE8}") = "02-medium", "02-medium", "{E8F618AA-0652-4D62-9217-0E4B22548503}"
EndProject
Project("{2150E333-8FDC-42A3-9474-1A3956D46DE8}") = "03-hard", "03-hard", "{67C40D75-2ADF-4E37-9C05-458D40E8C373}"
EndProject
Project("{FAE04EC0-301F-11D3-BF4B-00C04F79EFBC}") = "TwoSum", "TwoSum\TwoSum.csproj", "{5F35CB7A-7343-4ECB-BD41-CA79BAB25F98}"
EndProject
Global
	GlobalSection(SolutionConfigurationPlatforms) = preSolution
		Debug|Any CPU = Debug|Any CPU
		Release|Any CPU = Release|Any CPU
	EndGlobalSection
	GlobalSection(ProjectConfigurationPlatforms) = postSolution
		{5F35CB7A-7343-4ECB-BD41-CA79BAB25F98}.Debug|Any CPU.ActiveCfg = Debug|Any CPU
		{5F35CB7A-7343-4ECB-BD41-CA79BAB25F98}.Debug|Any CPU.Build.0 = Debug|Any CPU
		{5F35CB7A-7343-4ECB-BD41-CA79BAB25F98}.Release|Any CPU.ActiveCfg = Release|Any CPU
		{5F35CB7A-7343-4ECB-BD41-CA79BAB25F98}.Release|Any CPU.Build.0 = Release|Any CPU
	EndGlobalSection
	GlobalSection(SolutionProperties) = preSolution
		HideSolutionNode = FALSE
	EndGlobalSection
	GlobalSection(NestedProjects) = preSolution
		{5F35CB7A-7343-4ECB-BD41-CA79BAB25F98} = {CBC42E58-AB85-4480-AC63-DC918300B771}
	EndGlobalSection
EndGlobal
