
Microsoft Visual Studio Solution File, Format Version 12.00
# Visual Studio Version 17
VisualStudioVersion = 17.0.31903.59
MinimumVisualStudioVersion = 10.0.40219.1
Project("{2150E333-8FDC-42A3-9474-1A3956D46DE8}") = "01-easy", "01-easy", "{CBC42E58-AB85-4480-AC63-DC918300B771}"
EndProject
Project("{2150E333-8FDC-42A3-9474-1A3956D46DE8}") = "02-medium", "02-medium", "{E8F618AA-0652-4D62-9217-0E4B22548503}"
EndProject
Project("{2150E333-8FDC-42A3-9474-1A3956D46DE8}") = "03-hard", "03-hard", "{67C40D75-2ADF-4E37-9C05-458D40E8C373}"
EndProject
Project("{9A19103F-16F7-4668-BE54-9A1E7A4F7556}") = "TwoSum", "TwoSum\TwoSum.csproj", "{5F35CB7A-7343-4ECB-BD41-CA79BAB25F98}"
EndProject
Project("{9A19103F-16F7-4668-BE54-9A1E7A4F7556}") = "PalindromeNumber", "PalindromeNumber\PalindromeNumber.csproj", "{0E07119D-EAAB-489F-AA74-50DF135A5B3D}"
EndProject
Project("{9A19103F-16F7-4668-BE54-9A1E7A4F7556}") = "RomanToInt", "RomanToInt\RomanToInt.csproj", "{4A0F309D-E288-44BD-A67D-62893CC45EF2}"
EndProject
Project("{9A19103F-16F7-4668-BE54-9A1E7A4F7556}") = "LongestCommonPrefix", "LongestCommonPrefix\LongestCommonPrefix.csproj", "{863F5D3E-0F23-4D50-A04A-488F76E3EAF6}"
EndProject
Project("{9A19103F-16F7-4668-BE54-9A1E7A4F7556}") = "ValidParentheses", "ValidParentheses\ValidParentheses.csproj", "{1DE8409C-E805-4F50-A4D2-C6E3C645DBB4}"
EndProject
Project("{9A19103F-16F7-4668-BE54-9A1E7A4F7556}") = "MergeTwoLists", "MergeTwoLists\MergeTwoLists.csproj", "{316E678B-A2FE-4691-AA56-D32168F8FCD3}"
EndProject
Project("{9A19103F-16F7-4668-BE54-9A1E7A4F7556}") = "RemoveDuplicatesSortedArray", "RemoveDuplicatesSortedArray\RemoveDuplicatesSortedArray.csproj", "{58C2965B-2C21-4DE2-9ACC-28AB82F3BDCB}"
EndProject
Project("{9A19103F-16F7-4668-BE54-9A1E7A4F7556}") = "RemoveElement", "RemoveElement\RemoveElement.csproj", "{7CEEA3CB-CBC1-4664-942B-9E5BE310CC13}"
EndProject
Project("{9A19103F-16F7-4668-BE54-9A1E7A4F7556}") = "FindTheIndexString", "FindTheIndexString\FindTheIndexString.csproj", "{9A6BA3BF-D31B-4849-A2CE-8FDEA5B35B24}"
EndProject
Project("{9A19103F-16F7-4668-BE54-9A1E7A4F7556}") = "SearchInsert", "SearchInsert\SearchInsert.csproj", "{AAB7C4EC-0B0D-47B2-B4FD-D3A310C436E3}"
EndProject
Project("{9A19103F-16F7-4668-BE54-9A1E7A4F7556}") = "LengthOfLastWord", "LengthOfLastWord\LengthOfLastWord.csproj", "{5D7CC54D-C9CC-4DFB-930F-9D174510FC24}"
EndProject
Project("{9A19103F-16F7-4668-BE54-9A1E7A4F7556}") = "PlusOne", "PlusOne\PlusOne.csproj", "{B2EDE59E-7ABD-48A2-8633-77AA95842876}"
EndProject
Project("{FAE04EC0-301F-11D3-BF4B-00C04F79EFBC}") = "AddBinary", "AddBinary\AddBinary.csproj", "{8AC394CC-F447-4DA0-8200-B044C24EF701}"
EndProject
Global
	GlobalSection(SolutionConfigurationPlatforms) = preSolution
		Debug|Any CPU = Debug|Any CPU
		Release|Any CPU = Release|Any CPU
	EndGlobalSection
	GlobalSection(ProjectConfigurationPlatforms) = postSolution
		{5F35CB7A-7343-4ECB-BD41-CA79BAB25F98}.Debug|Any CPU.ActiveCfg = Debug|Any CPU
		{5F35CB7A-7343-4ECB-BD41-CA79BAB25F98}.Debug|Any CPU.Build.0 = Debug|Any CPU
		{5F35CB7A-7343-4ECB-BD41-CA79BAB25F98}.Release|Any CPU.ActiveCfg = Release|Any CPU
		{5F35CB7A-7343-4ECB-BD41-CA79BAB25F98}.Release|Any CPU.Build.0 = Release|Any CPU
		{0E07119D-EAAB-489F-AA74-50DF135A5B3D}.Debug|Any CPU.ActiveCfg = Debug|Any CPU
		{0E07119D-EAAB-489F-AA74-50DF135A5B3D}.Debug|Any CPU.Build.0 = Debug|Any CPU
		{0E07119D-EAAB-489F-AA74-50DF135A5B3D}.Release|Any CPU.ActiveCfg = Release|Any CPU
		{0E07119D-EAAB-489F-AA74-50DF135A5B3D}.Release|Any CPU.Build.0 = Release|Any CPU
		{4A0F309D-E288-44BD-A67D-62893CC45EF2}.Debug|Any CPU.ActiveCfg = Debug|Any CPU
		{4A0F309D-E288-44BD-A67D-62893CC45EF2}.Debug|Any CPU.Build.0 = Debug|Any CPU
		{4A0F309D-E288-44BD-A67D-62893CC45EF2}.Release|Any CPU.ActiveCfg = Release|Any CPU
		{4A0F309D-E288-44BD-A67D-62893CC45EF2}.Release|Any CPU.Build.0 = Release|Any CPU
		{863F5D3E-0F23-4D50-A04A-488F76E3EAF6}.Debug|Any CPU.ActiveCfg = Debug|Any CPU
		{863F5D3E-0F23-4D50-A04A-488F76E3EAF6}.Debug|Any CPU.Build.0 = Debug|Any CPU
		{863F5D3E-0F23-4D50-A04A-488F76E3EAF6}.Release|Any CPU.ActiveCfg = Release|Any CPU
		{863F5D3E-0F23-4D50-A04A-488F76E3EAF6}.Release|Any CPU.Build.0 = Release|Any CPU
		{1DE8409C-E805-4F50-A4D2-C6E3C645DBB4}.Debug|Any CPU.ActiveCfg = Debug|Any CPU
		{1DE8409C-E805-4F50-A4D2-C6E3C645DBB4}.Debug|Any CPU.Build.0 = Debug|Any CPU
		{1DE8409C-E805-4F50-A4D2-C6E3C645DBB4}.Release|Any CPU.ActiveCfg = Release|Any CPU
		{1DE8409C-E805-4F50-A4D2-C6E3C645DBB4}.Release|Any CPU.Build.0 = Release|Any CPU
		{316E678B-A2FE-4691-AA56-D32168F8FCD3}.Debug|Any CPU.ActiveCfg = Debug|Any CPU
		{316E678B-A2FE-4691-AA56-D32168F8FCD3}.Debug|Any CPU.Build.0 = Debug|Any CPU
		{316E678B-A2FE-4691-AA56-D32168F8FCD3}.Release|Any CPU.ActiveCfg = Release|Any CPU
		{316E678B-A2FE-4691-AA56-D32168F8FCD3}.Release|Any CPU.Build.0 = Release|Any CPU
		{58C2965B-2C21-4DE2-9ACC-28AB82F3BDCB}.Debug|Any CPU.ActiveCfg = Debug|Any CPU
		{58C2965B-2C21-4DE2-9ACC-28AB82F3BDCB}.Debug|Any CPU.Build.0 = Debug|Any CPU
		{58C2965B-2C21-4DE2-9ACC-28AB82F3BDCB}.Release|Any CPU.ActiveCfg = Release|Any CPU
		{58C2965B-2C21-4DE2-9ACC-28AB82F3BDCB}.Release|Any CPU.Build.0 = Release|Any CPU
		{7CEEA3CB-CBC1-4664-942B-9E5BE310CC13}.Debug|Any CPU.ActiveCfg = Debug|Any CPU
		{7CEEA3CB-CBC1-4664-942B-9E5BE310CC13}.Debug|Any CPU.Build.0 = Debug|Any CPU
		{7CEEA3CB-CBC1-4664-942B-9E5BE310CC13}.Release|Any CPU.ActiveCfg = Release|Any CPU
		{7CEEA3CB-CBC1-4664-942B-9E5BE310CC13}.Release|Any CPU.Build.0 = Release|Any CPU
		{9A6BA3BF-D31B-4849-A2CE-8FDEA5B35B24}.Debug|Any CPU.ActiveCfg = Debug|Any CPU
		{9A6BA3BF-D31B-4849-A2CE-8FDEA5B35B24}.Debug|Any CPU.Build.0 = Debug|Any CPU
		{9A6BA3BF-D31B-4849-A2CE-8FDEA5B35B24}.Release|Any CPU.ActiveCfg = Release|Any CPU
		{9A6BA3BF-D31B-4849-A2CE-8FDEA5B35B24}.Release|Any CPU.Build.0 = Release|Any CPU
		{AAB7C4EC-0B0D-47B2-B4FD-D3A310C436E3}.Debug|Any CPU.ActiveCfg = Debug|Any CPU
		{AAB7C4EC-0B0D-47B2-B4FD-D3A310C436E3}.Debug|Any CPU.Build.0 = Debug|Any CPU
		{AAB7C4EC-0B0D-47B2-B4FD-D3A310C436E3}.Release|Any CPU.ActiveCfg = Release|Any CPU
		{AAB7C4EC-0B0D-47B2-B4FD-D3A310C436E3}.Release|Any CPU.Build.0 = Release|Any CPU
		{5D7CC54D-C9CC-4DFB-930F-9D174510FC24}.Debug|Any CPU.ActiveCfg = Debug|Any CPU
		{5D7CC54D-C9CC-4DFB-930F-9D174510FC24}.Debug|Any CPU.Build.0 = Debug|Any CPU
		{5D7CC54D-C9CC-4DFB-930F-9D174510FC24}.Release|Any CPU.ActiveCfg = Release|Any CPU
		{5D7CC54D-C9CC-4DFB-930F-9D174510FC24}.Release|Any CPU.Build.0 = Release|Any CPU
		{B2EDE59E-7ABD-48A2-8633-77AA95842876}.Debug|Any CPU.ActiveCfg = Debug|Any CPU
		{B2EDE59E-7ABD-48A2-8633-77AA95842876}.Debug|Any CPU.Build.0 = Debug|Any CPU
		{B2EDE59E-7ABD-48A2-8633-77AA95842876}.Release|Any CPU.ActiveCfg = Release|Any CPU
		{B2EDE59E-7ABD-48A2-8633-77AA95842876}.Release|Any CPU.Build.0 = Release|Any CPU
		{8AC394CC-F447-4DA0-8200-B044C24EF701}.Debug|Any CPU.ActiveCfg = Debug|Any CPU
		{8AC394CC-F447-4DA0-8200-B044C24EF701}.Debug|Any CPU.Build.0 = Debug|Any CPU
		{8AC394CC-F447-4DA0-8200-B044C24EF701}.Release|Any CPU.ActiveCfg = Release|Any CPU
		{8AC394CC-F447-4DA0-8200-B044C24EF701}.Release|Any CPU.Build.0 = Release|Any CPU
	EndGlobalSection
	GlobalSection(SolutionProperties) = preSolution
		HideSolutionNode = FALSE
	EndGlobalSection
	GlobalSection(NestedProjects) = preSolution
		{5F35CB7A-7343-4ECB-BD41-CA79BAB25F98} = {CBC42E58-AB85-4480-AC63-DC918300B771}
		{0E07119D-EAAB-489F-AA74-50DF135A5B3D} = {CBC42E58-AB85-4480-AC63-DC918300B771}
		{4A0F309D-E288-44BD-A67D-62893CC45EF2} = {CBC42E58-AB85-4480-AC63-DC918300B771}
		{863F5D3E-0F23-4D50-A04A-488F76E3EAF6} = {CBC42E58-AB85-4480-AC63-DC918300B771}
		{1DE8409C-E805-4F50-A4D2-C6E3C645DBB4} = {CBC42E58-AB85-4480-AC63-DC918300B771}
		{316E678B-A2FE-4691-AA56-D32168F8FCD3} = {CBC42E58-AB85-4480-AC63-DC918300B771}
		{58C2965B-2C21-4DE2-9ACC-28AB82F3BDCB} = {CBC42E58-AB85-4480-AC63-DC918300B771}
		{7CEEA3CB-CBC1-4664-942B-9E5BE310CC13} = {CBC42E58-AB85-4480-AC63-DC918300B771}
		{9A6BA3BF-D31B-4849-A2CE-8FDEA5B35B24} = {CBC42E58-AB85-4480-AC63-DC918300B771}
		{AAB7C4EC-0B0D-47B2-B4FD-D3A310C436E3} = {CBC42E58-AB85-4480-AC63-DC918300B771}
		{5D7CC54D-C9CC-4DFB-930F-9D174510FC24} = {CBC42E58-AB85-4480-AC63-DC918300B771}
		{B2EDE59E-7ABD-48A2-8633-77AA95842876} = {CBC42E58-AB85-4480-AC63-DC918300B771}
		{8AC394CC-F447-4DA0-8200-B044C24EF701} = {CBC42E58-AB85-4480-AC63-DC918300B771}
	EndGlobalSection
	GlobalSection(ExtensibilityGlobals) = postSolution
		SolutionGuid = {ED3D22FD-9BD4-4EC9-9B67-34BDED130197}
	EndGlobalSection
EndGlobal
