
Microsoft Visual Studio Solution File, Format Version 12.00
# Visual Studio Version 18
VisualStudioVersion = 18.0.11018.127 d18.0
MinimumVisualStudioVersion = 10.0.40219.1
Project("{FAE04EC0-301F-11D3-BF4B-00C04F79EFBC}") = "MergeStringsAlternately_1768", "MergeStringsAlternately_1768\MergeStringsAlternately_1768.csproj", "{8ED8A192-0F4F-4143-9BB1-7D143D09C8D9}"
EndProject
Project("{FAE04EC0-301F-11D3-BF4B-00C04F79EFBC}") = "GreatestCommonDivisorOfStrings_1071", "GreatestCommonDivisorOfStrings_1071\GreatestCommonDivisorOfStrings_1071.csproj", "{23426C23-C07B-4D49-A82E-2E0FF2B2147B}"
EndProject
Project("{FAE04EC0-301F-11D3-BF4B-00C04F79EFBC}") = "KidsWithGreatestNumbesCandies_1431", "KidsWithGreatestNumbesCandies_1431\KidsWithGreatestNumbesCandies_1431.csproj", "{27609565-0532-4ADC-880E-33D914E30507}"
EndProject
Project("{FAE04EC0-301F-11D3-BF4B-00C04F79EFBC}") = "CanPlaceFlowers_605", "CanPlaceFlowers_605\CanPlaceFlowers_605.csproj", "{71F9AF80-1936-4385-B9C0-F915AF0F5A90}"
EndProject
Project("{FAE04EC0-301F-11D3-BF4B-00C04F79EFBC}") = "ReverseVowelsString_345", "ReverseVowelsString_345\ReverseVowelsString_345.csproj", "{2BAAD494-54EC-43AA-9632-AB1AAAD446ED}"
EndProject
Project("{FAE04EC0-301F-11D3-BF4B-00C04F79EFBC}") = "ReverseWordsString_151", "ReverseWordsString_151\ReverseWordsString_151.csproj", "{F12032A4-9F6F-4FDE-929F-A7C35F31A8B9}"
EndProject
Project("{FAE04EC0-301F-11D3-BF4B-00C04F79EFBC}") = "ProductArrayExceptSelf_238", "ProductArrayExceptSelf_238\ProductArrayExceptSelf_238.csproj", "{A9B32103-E978-4865-906D-E9827C7DDF8E}"
EndProject
Project("{FAE04EC0-301F-11D3-BF4B-00C04F79EFBC}") = "StringCompression_443", "StringCompression_443\StringCompression_443.csproj", "{ED3F2C36-3932-4B04-A089-C8DAD36FA78E}"
EndProject
Project("{FAE04EC0-301F-11D3-BF4B-00C04F79EFBC}") = "MoveZeroes_283", "MoveZeroes_283\MoveZeroes_283.csproj", "{91CF9541-99E1-41C1-999F-11D8C9922079}"
EndProject
Project("{FAE04EC0-301F-11D3-BF4B-00C04F79EFBC}") = "IncreasingTripletSubsequence_334", "IncreasingTripletSubsequence_334\IncreasingTripletSubsequence_334.csproj", "{96A44083-8C95-4995-8034-F1EB122568C1}"
EndProject
Project("{FAE04EC0-301F-11D3-BF4B-00C04F79EFBC}") = "IsSubsequence_392", "IsSubsequence_392\IsSubsequence_392.csproj", "{364DB193-F9C1-4A90-8279-241D3F982F97}"
EndProject
Project("{FAE04EC0-301F-11D3-BF4B-00C04F79EFBC}") = "MaximumAverageSubarray_643", "MaximumAverageSubarray_643\MaximumAverageSubarray_643.csproj", "{C37AB823-28A9-40AE-B8E9-EF673BB3AAD2}"
EndProject
Project("{FAE04EC0-301F-11D3-BF4B-00C04F79EFBC}") = "ContainerWithMostWater_11", "ContainerWithMostWater_11\ContainerWithMostWater_11.csproj", "{7D97DE70-20F7-44A7-9F4B-3D38EF192F60}"
EndProject
Project("{FAE04EC0-301F-11D3-BF4B-00C04F79EFBC}") = "MaxNumberKSumPairs_1679", "MaxNumberKSumPairs_1679\MaxNumberKSumPairs_1679.csproj", "{6E0CB30F-2541-40D3-B4D0-83C7F391B587}"
EndProject
Project("{FAE04EC0-301F-11D3-BF4B-00C04F79EFBC}") = "MaximumNumberVowelsSubstringGivenLength_1456", "MaximumNumberVowelsSubstringGivenLength_1456\MaximumNumberVowelsSubstringGivenLength_1456.csproj", "{C38D3B1F-7D6A-4988-A0D5-99A6B968C225}"
EndProject
Project("{FAE04EC0-301F-11D3-BF4B-00C04F79EFBC}") = "MaxConsecutiveOnes_1004", "MaxConsecutiveOnes_1004\MaxConsecutiveOnes_1004.csproj", "{EDA8096F-9A15-4085-9932-C629DD194E24}"
EndProject
Project("{FAE04EC0-301F-11D3-BF4B-00C04F79EFBC}") = "LongestSubarrayDeletingOneElement_1493", "LongestSubarrayDeletingOneElement_1493\LongestSubarrayDeletingOneElement_1493.csproj", "{BE8ABFAD-C2D2-4E10-B636-C741FB6AD48B}"
EndProject
Project("{FAE04EC0-301F-11D3-BF4B-00C04F79EFBC}") = "ConcatenationArray_Q1", "ConcatenationArray_Q1\ConcatenationArray_Q1.csproj", "{5352D2FB-9E36-42E0-8144-B5BC89183292}"
EndProject
Global
	GlobalSection(SolutionConfigurationPlatforms) = preSolution
		Debug|Any CPU = Debug|Any CPU
		Release|Any CPU = Release|Any CPU
	EndGlobalSection
	GlobalSection(ProjectConfigurationPlatforms) = postSolution
		{8ED8A192-0F4F-4143-9BB1-7D143D09C8D9}.Debug|Any CPU.ActiveCfg = Debug|Any CPU
		{8ED8A192-0F4F-4143-9BB1-7D143D09C8D9}.Debug|Any CPU.Build.0 = Debug|Any CPU
		{8ED8A192-0F4F-4143-9BB1-7D143D09C8D9}.Release|Any CPU.ActiveCfg = Release|Any CPU
		{8ED8A192-0F4F-4143-9BB1-7D143D09C8D9}.Release|Any CPU.Build.0 = Release|Any CPU
		{23426C23-C07B-4D49-A82E-2E0FF2B2147B}.Debug|Any CPU.ActiveCfg = Debug|Any CPU
		{23426C23-C07B-4D49-A82E-2E0FF2B2147B}.Debug|Any CPU.Build.0 = Debug|Any CPU
		{23426C23-C07B-4D49-A82E-2E0FF2B2147B}.Release|Any CPU.ActiveCfg = Release|Any CPU
		{23426C23-C07B-4D49-A82E-2E0FF2B2147B}.Release|Any CPU.Build.0 = Release|Any CPU
		{27609565-0532-4ADC-880E-33D914E30507}.Debug|Any CPU.ActiveCfg = Debug|Any CPU
		{27609565-0532-4ADC-880E-33D914E30507}.Debug|Any CPU.Build.0 = Debug|Any CPU
		{27609565-0532-4ADC-880E-33D914E30507}.Release|Any CPU.ActiveCfg = Release|Any CPU
		{27609565-0532-4ADC-880E-33D914E30507}.Release|Any CPU.Build.0 = Release|Any CPU
		{71F9AF80-1936-4385-B9C0-F915AF0F5A90}.Debug|Any CPU.ActiveCfg = Debug|Any CPU
		{71F9AF80-1936-4385-B9C0-F915AF0F5A90}.Debug|Any CPU.Build.0 = Debug|Any CPU
		{71F9AF80-1936-4385-B9C0-F915AF0F5A90}.Release|Any CPU.ActiveCfg = Release|Any CPU
		{71F9AF80-1936-4385-B9C0-F915AF0F5A90}.Release|Any CPU.Build.0 = Release|Any CPU
		{2BAAD494-54EC-43AA-9632-AB1AAAD446ED}.Debug|Any CPU.ActiveCfg = Debug|Any CPU
		{2BAAD494-54EC-43AA-9632-AB1AAAD446ED}.Debug|Any CPU.Build.0 = Debug|Any CPU
		{2BAAD494-54EC-43AA-9632-AB1AAAD446ED}.Release|Any CPU.ActiveCfg = Release|Any CPU
		{2BAAD494-54EC-43AA-9632-AB1AAAD446ED}.Release|Any CPU.Build.0 = Release|Any CPU
		{F12032A4-9F6F-4FDE-929F-A7C35F31A8B9}.Debug|Any CPU.ActiveCfg = Debug|Any CPU
		{F12032A4-9F6F-4FDE-929F-A7C35F31A8B9}.Debug|Any CPU.Build.0 = Debug|Any CPU
		{F12032A4-9F6F-4FDE-929F-A7C35F31A8B9}.Release|Any CPU.ActiveCfg = Release|Any CPU
		{F12032A4-9F6F-4FDE-929F-A7C35F31A8B9}.Release|Any CPU.Build.0 = Release|Any CPU
		{A9B32103-E978-4865-906D-E9827C7DDF8E}.Debug|Any CPU.ActiveCfg = Debug|Any CPU
		{A9B32103-E978-4865-906D-E9827C7DDF8E}.Debug|Any CPU.Build.0 = Debug|Any CPU
		{A9B32103-E978-4865-906D-E9827C7DDF8E}.Release|Any CPU.ActiveCfg = Release|Any CPU
		{A9B32103-E978-4865-906D-E9827C7DDF8E}.Release|Any CPU.Build.0 = Release|Any CPU
		{ED3F2C36-3932-4B04-A089-C8DAD36FA78E}.Debug|Any CPU.ActiveCfg = Debug|Any CPU
		{ED3F2C36-3932-4B04-A089-C8DAD36FA78E}.Debug|Any CPU.Build.0 = Debug|Any CPU
		{ED3F2C36-3932-4B04-A089-C8DAD36FA78E}.Release|Any CPU.ActiveCfg = Release|Any CPU
		{ED3F2C36-3932-4B04-A089-C8DAD36FA78E}.Release|Any CPU.Build.0 = Release|Any CPU
		{91CF9541-99E1-41C1-999F-11D8C9922079}.Debug|Any CPU.ActiveCfg = Debug|Any CPU
		{91CF9541-99E1-41C1-999F-11D8C9922079}.Debug|Any CPU.Build.0 = Debug|Any CPU
		{91CF9541-99E1-41C1-999F-11D8C9922079}.Release|Any CPU.ActiveCfg = Release|Any CPU
		{91CF9541-99E1-41C1-999F-11D8C9922079}.Release|Any CPU.Build.0 = Release|Any CPU
		{96A44083-8C95-4995-8034-F1EB122568C1}.Debug|Any CPU.ActiveCfg = Debug|Any CPU
		{96A44083-8C95-4995-8034-F1EB122568C1}.Debug|Any CPU.Build.0 = Debug|Any CPU
		{96A44083-8C95-4995-8034-F1EB122568C1}.Release|Any CPU.ActiveCfg = Release|Any CPU
		{96A44083-8C95-4995-8034-F1EB122568C1}.Release|Any CPU.Build.0 = Release|Any CPU
		{364DB193-F9C1-4A90-8279-241D3F982F97}.Debug|Any CPU.ActiveCfg = Debug|Any CPU
		{364DB193-F9C1-4A90-8279-241D3F982F97}.Debug|Any CPU.Build.0 = Debug|Any CPU
		{364DB193-F9C1-4A90-8279-241D3F982F97}.Release|Any CPU.ActiveCfg = Release|Any CPU
		{364DB193-F9C1-4A90-8279-241D3F982F97}.Release|Any CPU.Build.0 = Release|Any CPU
		{C37AB823-28A9-40AE-B8E9-EF673BB3AAD2}.Debug|Any CPU.ActiveCfg = Debug|Any CPU
		{C37AB823-28A9-40AE-B8E9-EF673BB3AAD2}.Debug|Any CPU.Build.0 = Debug|Any CPU
		{C37AB823-28A9-40AE-B8E9-EF673BB3AAD2}.Release|Any CPU.ActiveCfg = Release|Any CPU
		{C37AB823-28A9-40AE-B8E9-EF673BB3AAD2}.Release|Any CPU.Build.0 = Release|Any CPU
		{7D97DE70-20F7-44A7-9F4B-3D38EF192F60}.Debug|Any CPU.ActiveCfg = Debug|Any CPU
		{7D97DE70-20F7-44A7-9F4B-3D38EF192F60}.Debug|Any CPU.Build.0 = Debug|Any CPU
		{7D97DE70-20F7-44A7-9F4B-3D38EF192F60}.Release|Any CPU.ActiveCfg = Release|Any CPU
		{7D97DE70-20F7-44A7-9F4B-3D38EF192F60}.Release|Any CPU.Build.0 = Release|Any CPU
		{6E0CB30F-2541-40D3-B4D0-83C7F391B587}.Debug|Any CPU.ActiveCfg = Debug|Any CPU
		{6E0CB30F-2541-40D3-B4D0-83C7F391B587}.Debug|Any CPU.Build.0 = Debug|Any CPU
		{6E0CB30F-2541-40D3-B4D0-83C7F391B587}.Release|Any CPU.ActiveCfg = Release|Any CPU
		{6E0CB30F-2541-40D3-B4D0-83C7F391B587}.Release|Any CPU.Build.0 = Release|Any CPU
		{C38D3B1F-7D6A-4988-A0D5-99A6B968C225}.Debug|Any CPU.ActiveCfg = Debug|Any CPU
		{C38D3B1F-7D6A-4988-A0D5-99A6B968C225}.Debug|Any CPU.Build.0 = Debug|Any CPU
		{C38D3B1F-7D6A-4988-A0D5-99A6B968C225}.Release|Any CPU.ActiveCfg = Release|Any CPU
		{C38D3B1F-7D6A-4988-A0D5-99A6B968C225}.Release|Any CPU.Build.0 = Release|Any CPU
		{EDA8096F-9A15-4085-9932-C629DD194E24}.Debug|Any CPU.ActiveCfg = Debug|Any CPU
		{EDA8096F-9A15-4085-9932-C629DD194E24}.Debug|Any CPU.Build.0 = Debug|Any CPU
		{EDA8096F-9A15-4085-9932-C629DD194E24}.Release|Any CPU.ActiveCfg = Release|Any CPU
		{EDA8096F-9A15-4085-9932-C629DD194E24}.Release|Any CPU.Build.0 = Release|Any CPU
		{BE8ABFAD-C2D2-4E10-B636-C741FB6AD48B}.Debug|Any CPU.ActiveCfg = Debug|Any CPU
		{BE8ABFAD-C2D2-4E10-B636-C741FB6AD48B}.Debug|Any CPU.Build.0 = Debug|Any CPU
		{BE8ABFAD-C2D2-4E10-B636-C741FB6AD48B}.Release|Any CPU.ActiveCfg = Release|Any CPU
		{BE8ABFAD-C2D2-4E10-B636-C741FB6AD48B}.Release|Any CPU.Build.0 = Release|Any CPU
		{5352D2FB-9E36-42E0-8144-B5BC89183292}.Debug|Any CPU.ActiveCfg = Debug|Any CPU
		{5352D2FB-9E36-42E0-8144-B5BC89183292}.Debug|Any CPU.Build.0 = Debug|Any CPU
		{5352D2FB-9E36-42E0-8144-B5BC89183292}.Release|Any CPU.ActiveCfg = Release|Any CPU
		{5352D2FB-9E36-42E0-8144-B5BC89183292}.Release|Any CPU.Build.0 = Release|Any CPU
	EndGlobalSection
	GlobalSection(SolutionProperties) = preSolution
		HideSolutionNode = FALSE
	EndGlobalSection
	GlobalSection(ExtensibilityGlobals) = postSolution
		SolutionGuid = {E6F9438A-1508-4FCC-B7F5-726514CC895E}
	EndGlobalSection
EndGlobal
